PODS:
  - Alamofire (5.4.1)
  - IQKeyboardManagerSwift (6.5.6)
  - TrustedForm (0.1.0):
    - Alamofire (~> 5.4)

DEPENDENCIES:
  - IQKeyboardManagerSwift
  - TrustedForm

SPEC REPOS:
  https://github.com/activeprospect/trustedform-ios-specs.git:
    - TrustedForm
  trunk:
    - Alamofire
    - IQKeyboardManagerSwift

SPEC CHECKSUMS:
  Alamofire: 2291f7d21ca607c491dd17642e5d40fdcda0e65c
  IQKeyboardManagerSwift: c7df9d2deb356c04522f5c4b7b6e4ce4d8ed94fe
  TrustedForm: 44df28a99637a2ea9f5172f3b1d8c8b9b1b8eaf5

PODFILE CHECKSUM: 9aff7592b8b2a2883d50a049b3a6a0e03639f7ac

COCOAPODS: 1.10.0
