{
  "originHash" : "ced6b70bd0dd38c3410dfbd06984dc9a75cf13e52e87d2c6c90225c0543198e8",
  "pins" : [
    {
      "identity" : "alamofire",
      "kind" : "remoteSourceControl",
      "location" : "https://github.com/Alamofire/Alamofire.git",
      "state" : {
        "revision" : "f455c2975872ccd2d9c81594c658af65716e9b9a",
        "version" : "5.9.1"
      }
    },
    {
      "identity" : "iqkeyboardmanager",
      "kind" : "remoteSourceControl",
      "location" : "https://github.com/hackiftekhar/IQKeyboardManager.git",
      "state" : {
        "revision" : "c00b1ae9fa1ad8af4465bb6ca901f6943fc98eba",
        "version" : "6.5.16"
      }
    },
    {
      "identity" : "trustedform-ios-sdk",
      "kind" : "remoteSourceControl",
      "location" : "https://github.com/activeprospect/trustedform-ios-sdk",
      "state" : {
        "revision" : "3140468fd954e440992b053fa2d957d97b1d0bbf",
        "version" : "0.4.0"
      }
    }
  ],
  "version" : 3
}
