{
  "originHash" : "934e288d6ed962c67cf726becc973efb8fb96c43a53bcaa3df0e32fb27f75bab",
  "pins" : [
    {
      "identity" : "alamofire",
      "kind" : "remoteSourceControl",
      "location" : "https://github.com/Alamofire/Alamofire.git",
      "state" : {
        "revision" : "e16d3481f5ed35f0472cb93350085853d754913f",
        "version" : "5.10.1"
      }
    },
    {
      "identity" : "iqkeyboardmanager",
      "kind" : "remoteSourceControl",
      "location" : "https://github.com/hackiftekhar/IQKeyboardManager.git",
      "state" : {
        "revision" : "c00b1ae9fa1ad8af4465bb6ca901f6943fc98eba",
        "version" : "6.5.16"
      }
    },
    {
      "identity" : "trustedform-ios-sdk",
      "kind" : "remoteSourceControl",
      "location" : "git@github.com:activeprospect/trustedform-ios-sdk.git",
      "state" : {
        "branch" : "release/0.5.0",
        "revision" : "683982973afc46eb5a03f9cef9e82f748aef3117"
      }
    }
  ],
  "version" : 3
}
